
Microsoft Visual Studio Solution File, Format Version 12.00
# Visual Studio Version 17
VisualStudioVersion = 17.6.33829.357
MinimumVisualStudioVersion = 10.0.40219.1
Project("{FAE04EC0-301F-11D3-BF4B-00C04F79EFBC}") = "ElnurCourseWork", "ElnurCourseWork\ElnurCourseWork.csproj", "{6BF48DC7-6CD8-4B87-BE6C-26775D0A8322}"
EndProject
Project("{FAE04EC0-301F-11D3-BF4B-00C04F79EFBC}") = "DB_Lib", "DB_Lib\DB_Lib.csproj", "{494A841A-228A-4FC5-B0EC-4F9ED225F5AE}"
EndProject
Global
	GlobalSection(SolutionConfigurationPlatforms) = preSolution
		Debug|Any CPU = Debug|Any CPU
		Release|Any CPU = Release|Any CPU
	EndGlobalSection
	GlobalSection(ProjectConfigurationPlatforms) = postSolution
		{6BF48DC7-6CD8-4B87-BE6C-26775D0A8322}.Debug|Any CPU.ActiveCfg = Debug|Any CPU
		{6BF48DC7-6CD8-4B87-BE6C-26775D0A8322}.Debug|Any CPU.Build.0 = Debug|Any CPU
		{6BF48DC7-6CD8-4B87-BE6C-26775D0A8322}.Release|Any CPU.ActiveCfg = Release|Any CPU
		{6BF48DC7-6CD8-4B87-BE6C-26775D0A8322}.Release|Any CPU.Build.0 = Release|Any CPU
		{494A841A-228A-4FC5-B0EC-4F9ED225F5AE}.Debug|Any CPU.ActiveCfg = Debug|Any CPU
		{494A841A-228A-4FC5-B0EC-4F9ED225F5AE}.Debug|Any CPU.Build.0 = Debug|Any CPU
		{494A841A-228A-4FC5-B0EC-4F9ED225F5AE}.Release|Any CPU.ActiveCfg = Release|Any CPU
		{494A841A-228A-4FC5-B0EC-4F9ED225F5AE}.Release|Any CPU.Build.0 = Release|Any CPU
	EndGlobalSection
	GlobalSection(SolutionProperties) = preSolution
		HideSolutionNode = FALSE
	EndGlobalSection
	GlobalSection(ExtensibilityGlobals) = postSolution
		SolutionGuid = {88DA078F-6DEE-42F3-996D-333E4CBA7221}
	EndGlobalSection
EndGlobal
